// !$*UTF8*$!
{
	archiveVersion = 1;
	classes = {
	};
	objectVersion = 50;
	objects = {

/* Begin PBXBuildFile section */
		05A4C12C235B798600156D56 /* AppDelegate.swift in Sources */ = {isa = PBXBuildFile; fileRef = 05A4C12B235B798600156D56 /* AppDelegate.swift */; };
		05A4C12E235B798600156D56 /* SceneDelegate.swift in Sources */ = {isa = PBXBuildFile; fileRef = 05A4C12D235B798600156D56 /* SceneDelegate.swift */; };
		05A4C130235B798600156D56 /* ViewController.swift in Sources */ = {isa = PBXBuildFile; fileRef = 05A4C12F235B798600156D56 /* ViewController.swift */; };
		05A4C133235B798600156D56 /* Main.storyboard in Resources */ = {isa = PBXBuildFile; fileRef = 05A4C131235B798600156D56 /* Main.storyboard */; };
		05A4C135235B798900156D56 /* Assets.xcassets in Resources */ = {isa = PBXBuildFile; fileRef = 05A4C134235B798900156D56 /* Assets.xcassets */; };
		05A4C138235B798900156D56 /* LaunchScreen.storyboard in Resources */ = {isa = PBXBuildFile; fileRef = 05A4C136235B798900156D56 /* LaunchScreen.storyboard */; };
		05A4C143235B798900156D56 /* DoctorApointmentReminderUITests.swift in Sources */ = {isa = PBXBuildFile; fileRef = 05A4C142235B798900156D56 /* DoctorApointmentReminderUITests.swift */; };
/* End PBXBuildFile section */

/* Begin PBXContainerItemProxy section */
		05A4C13F235B798900156D56 /* PBXContainerItemProxy */ = {
			isa = PBXContainerItemProxy;
			containerPortal = 05A4C120235B798600156D56 /* Project object */;
			proxyType = 1;
			remoteGlobalIDString = 05A4C127235B798600156D56;
			remoteInfo = DoctorApointmentReminder;
		};
/* End PBXContainerItemProxy section */

/* Begin PBXFileReference section */
		05A4C128235B798600156D56 /* DoctorApointmentReminder.app */ = {isa = PBXFileReference; explicitFileType = wrapper.application; includeInIndex = 0; path = DoctorApointmentReminder.app; sourceTree = BUILT_PRODUCTS_DIR; };
		05A4C12B235B798600156D56 /* AppDelegate.swift */ = {isa = PBXFileReference; lastKnownFileType = sourcecode.swift; path = AppDelegate.swift; sourceTree = "<group>"; };
		05A4C12D235B798600156D56 /* SceneDelegate.swift */ = {isa = PBXFileReference; lastKnownFileType = sourcecode.swift; path = SceneDelegate.swift; sourceTree = "<group>"; };
		05A4C12F235B798600156D56 /* ViewController.swift */ = {isa = PBXFileReference; lastKnownFileType = sourcecode.swift; path = ViewController.swift; sourceTree = "<group>"; };
		05A4C132235B798600156D56 /* Base */ = {isa = PBXFileReference; lastKnownFileType = file.storyboard; name = Base; path = Base.lproj/Main.storyboard; sourceTree = "<group>"; };
		05A4C134235B798900156D56 /* Assets.xcassets */ = {isa = PBXFileReference; lastKnownFileType = folder.assetcatalog; path = Assets.xcassets; sourceTree = "<group>"; };
		05A4C137235B798900156D56 /* Base */ = {isa = PBXFileReference; lastKnownFileType = file.storyboard; name = Base; path = Base.lproj/LaunchScreen.storyboard; sourceTree = "<group>"; };
		05A4C139235B798900156D56 /* Info.plist */ = {isa = PBXFileReference; lastKnownFileType = text.plist.xml; path = Info.plist; sourceTree = "<group>"; };
		05A4C13E235B798900156D56 /* DoctorApointmentReminderUITests.xctest */ = {isa = PBXFileReference; explicitFileType = wrapper.cfbundle; includeInIndex = 0; path = DoctorApointmentReminderUITests.xctest; sourceTree = BUILT_PRODUCTS_DIR; };
		05A4C142235B798900156D56 /* DoctorApointmentReminderUITests.swift */ = {isa = PBXFileReference; lastKnownFileType = sourcecode.swift; path = DoctorApointmentReminderUITests.swift; sourceTree = "<group>"; };
		05A4C144235B798900156D56 /* Info.plist */ = {isa = PBXFileReference; lastKnownFileType = text.plist.xml; path = Info.plist; sourceTree = "<group>"; };
/* End PBXFileReference section */

/* Begin PBXFrameworksBuildPhase section */
		05A4C125235B798600156D56 /* Frameworks */ = {
			isa = PBXFrameworksBuildPhase;
			buildActionMask = 2147483647;
			files = (
			);
			runOnlyForDeploymentPostprocessing = 0;
		};
		05A4C13B235B798900156D56 /* Frameworks */ = {
			isa = PBXFrameworksBuildPhase;
			buildActionMask = 2147483647;
			files = (
			);
			runOnlyForDeploymentPostprocessing = 0;
		};
/* End PBXFrameworksBuildPhase section */

/* Begin PBXGroup section */
		05A4C11F235B798600156D56 = {
			isa = PBXGroup;
			children = (
				05A4C12A235B798600156D56 /* DoctorApointmentReminder */,
				05A4C141235B798900156D56 /* DoctorApointmentReminderUITests */,
				05A4C129235B798600156D56 /* Products */,
			);
			sourceTree = "<group>";
		};
		05A4C129235B798600156D56 /* Products */ = {
			isa = PBXGroup;
			children = (
				05A4C128235B798600156D56 /* DoctorApointmentReminder.app */,
				05A4C13E235B798900156D56 /* DoctorApointmentReminderUITests.xctest */,
			);
			name = Products;
			sourceTree = "<group>";
		};
		05A4C12A235B798600156D56 /* DoctorApointmentReminder */ = {
			isa = PBXGroup;
			children = (
				05A4C12B235B798600156D56 /* AppDelegate.swift */,
				05A4C12D235B798600156D56 /* SceneDelegate.swift */,
				05A4C12F235B798600156D56 /* ViewController.swift */,
				05A4C131235B798600156D56 /* Main.storyboard */,
				05A4C134235B798900156D56 /* Assets.xcassets */,
				05A4C136235B798900156D56 /* LaunchScreen.storyboard */,
				05A4C139235B798900156D56 /* Info.plist */,
			);
			path = DoctorApointmentReminder;
			sourceTree = "<group>";
		};
		05A4C141235B798900156D56 /* DoctorApointmentReminderUITests */ = {
			isa = PBXGroup;
			children = (
				05A4C142235B798900156D56 /* DoctorApointmentReminderUITests.swift */,
				05A4C144235B798900156D56 /* Info.plist */,
			);
			path = DoctorApointmentReminderUITests;
			sourceTree = "<group>";
		};
/* End PBXGroup section */

/* Begin PBXNativeTarget section */
		05A4C127235B798600156D56 /* DoctorApointmentReminder */ = {
			isa = PBXNativeTarget;
			buildConfigurationList = 05A4C147235B798A00156D56 /* Build configuration list for PBXNativeTarget "DoctorApointmentReminder" */;
			buildPhases = (
				05A4C124235B798600156D56 /* Sources */,
				05A4C125235B798600156D56 /* Frameworks */,
				05A4C126235B798600156D56 /* Resources */,
			);
			buildRules = (
			);
			dependencies = (
			);
			name = DoctorApointmentReminder;
			productName = DoctorApointmentReminder;
			productReference = 05A4C128235B798600156D56 /* DoctorApointmentReminder.app */;
			productType = "com.apple.product-type.application";
		};
		05A4C13D235B798900156D56 /* DoctorApointmentReminderUITests */ = {
			isa = PBXNativeTarget;
			buildConfigurationList = 05A4C14A235B798A00156D56 /* Build configuration list for PBXNativeTarget "DoctorApointmentReminderUITests" */;
			buildPhases = (
				05A4C13A235B798900156D56 /* Sources */,
				05A4C13B235B798900156D56 /* Frameworks */,
				05A4C13C235B798900156D56 /* Resources */,
			);
			buildRules = (
			);
			dependencies = (
				05A4C140235B798900156D56 /* PBXTargetDependency */,
			);
			name = DoctorApointmentReminderUITests;
			productName = DoctorApointmentReminderUITests;
			productReference = 05A4C13E235B798900156D56 /* DoctorApointmentReminderUITests.xctest */;
			productType = "com.apple.product-type.bundle.ui-testing";
		};
/* End PBXNativeTarget section */

/* Begin PBXProject section */
		05A4C120235B798600156D56 /* Project object */ = {
			isa = PBXProject;
			attributes = {
				LastSwiftUpdateCheck = 1110;
				LastUpgradeCheck = 1110;
				ORGANIZATIONNAME = "Eugene Berezin";
				TargetAttributes = {
					05A4C127235B798600156D56 = {
						CreatedOnToolsVersion = 11.1;
					};
					05A4C13D235B798900156D56 = {
						CreatedOnToolsVersion = 11.1;
						TestTargetID = 05A4C127235B798600156D56;
					};
				};
			};
			buildConfigurationList = 05A4C123235B798600156D56 /* Build configuration list for PBXProject "DoctorApointmentReminder" */;
			compatibilityVersion = "Xcode 9.3";
			developmentRegion = en;
			hasScannedForEncodings = 0;
			knownRegions = (
				en,
				Base,
			);
			mainGroup = 05A4C11F235B798600156D56;
			productRefGroup = 05A4C129235B798600156D56 /* Products */;
			projectDirPath = "";
			projectRoot = "";
			targets = (
				05A4C127235B798600156D56 /* DoctorApointmentReminder */,
				05A4C13D235B798900156D56 /* DoctorApointmentReminderUITests */,
			);
		};
/* End PBXProject section */

/* Begin PBXResourcesBuildPhase section */
		05A4C126235B798600156D56 /* Resources */ = {
			isa = PBXResourcesBuildPhase;
			buildActionMask = 2147483647;
			files = (
				05A4C138235B798900156D56 /* LaunchScreen.storyboard in Resources */,
				05A4C135235B798900156D56 /* Assets.xcassets in Resources */,
				05A4C133235B798600156D56 /* Main.storyboard in Resources */,
			);
			runOnlyForDeploymentPostprocessing = 0;
		};
		05A4C13C235B798900156D56 /* Resources */ = {
			isa = PBXResourcesBuildPhase;
			buildActionMask = 2147483647;
			files = (
			);
			runOnlyForDeploymentPostprocessing = 0;
		};
/* End PBXResourcesBuildPhase section */

/* Begin PBXSourcesBuildPhase section */
		05A4C124235B798600156D56 /* Sources */ = {
			isa = PBXSourcesBuildPhase;
			buildActionMask = 2147483647;
			files = (
				05A4C130235B798600156D56 /* ViewController.swift in Sources */,
				05A4C12C235B798600156D56 /* AppDelegate.swift in Sources */,
				05A4C12E235B798600156D56 /* SceneDelegate.swift in Sources */,
			);
			runOnlyForDeploymentPostprocessing = 0;
		};
		05A4C13A235B798900156D56 /* Sources */ = {
			isa = PBXSourcesBuildPhase;
			buildActionMask = 2147483647;
			files = (
				05A4C143235B798900156D56 /* DoctorApointmentReminderUITests.swift in Sources */,
			);
			runOnlyForDeploymentPostprocessing = 0;
		};
/* End PBXSourcesBuildPhase section */

/* Begin PBXTargetDependency section */
		05A4C140235B798900156D56 /* PBXTargetDependency */ = {
			isa = PBXTargetDependency;
			target = 05A4C127235B798600156D56 /* DoctorApointmentReminder */;
			targetProxy = 05A4C13F235B798900156D56 /* PBXContainerItemProxy */;
		};
/* End PBXTargetDependency section */

/* Begin PBXVariantGroup section */
		05A4C131235B798600156D56 /* Main.storyboard */ = {
			isa = PBXVariantGroup;
			children = (
				05A4C132235B798600156D56 /* Base */,
			);
			name = Main.storyboard;
			sourceTree = "<group>";
		};
		05A4C136235B798900156D56 /* LaunchScreen.storyboard */ = {
			isa = PBXVariantGroup;
			children = (
				05A4C137235B798900156D56 /* Base */,
			);
			name = LaunchScreen.storyboard;
			sourceTree = "<group>";
		};
/* End PBXVariantGroup section */

/* Begin XCBuildConfiguration section */
		05A4C145235B798A00156D56 /* Debug */ = {
			isa = XCBuildConfiguration;
			buildSettings = {
				ALWAYS_SEARCH_USER_PATHS = NO;
				CLANG_ANALYZER_NONNULL = YES;
				CLANG_ANALYZER_NUMBER_OBJECT_CONVERSION = YES_AGGRESSIVE;
				CLANG_CXX_LANGUAGE_STANDARD = "gnu++14";
				CLANG_CXX_LIBRARY = "libc++";
				CLANG_ENABLE_MODULES = YES;
				CLANG_ENABLE_OBJC_ARC = YES;
				CLANG_ENABLE_OBJC_WEAK = YES;
				CLANG_WARN_BLOCK_CAPTURE_AUTORELEASING = YES;
				CLANG_WARN_BOOL_CONVERSION = YES;
				CLANG_WARN_COMMA = YES;
				CLANG_WARN_CONSTANT_CONVERSION = YES;
				CLANG_WARN_DEPRECATED_OBJC_IMPLEMENTATIONS = YES;
				CLANG_WARN_DIRECT_OBJC_ISA_USAGE = YES_ERROR;
				CLANG_WARN_DOCUMENTATION_COMMENTS = YES;
				CLANG_WARN_EMPTY_BODY = YES;
				CLANG_WARN_ENUM_CONVERSION = YES;
				CLANG_WARN_INFINITE_RECURSION = YES;
				CLANG_WARN_INT_CONVERSION = YES;
				CLANG_WARN_NON_LITERAL_NULL_CONVERSION = YES;
				CLANG_WARN_OBJC_IMPLICIT_RETAIN_SELF = YES;
				CLANG_WARN_OBJC_LITERAL_CONVERSION = YES;
				CLANG_WARN_OBJC_ROOT_CLASS = YES_ERROR;
				CLANG_WARN_RANGE_LOOP_ANALYSIS = YES;
				CLANG_WARN_STRICT_PROTOTYPES = YES;
				CLANG_WARN_SUSPICIOUS_MOVE = YES;
				CLANG_WARN_UNGUARDED_AVAILABILITY = YES_AGGRESSIVE;
				CLANG_WARN_UNREACHABLE_CODE = YES;
				CLANG_WARN__DUPLICATE_METHOD_MATCH = YES;
				COPY_PHASE_STRIP = NO;
				DEBUG_INFORMATION_FORMAT = dwarf;
				ENABLE_STRICT_OBJC_MSGSEND = YES;
				ENABLE_TESTABILITY = YES;
				GCC_C_LANGUAGE_STANDARD = gnu11;
				GCC_DYNAMIC_NO_PIC = NO;
				GCC_NO_COMMON_BLOCKS = YES;
				GCC_OPTIMIZATION_LEVEL = 0;
				GCC_PREPROCESSOR_DEFINITIONS = (
					"DEBUG=1",
					"$(inherited)",
				);
				GCC_WARN_64_TO_32_BIT_CONVERSION = YES;
				GCC_WARN_ABOUT_RETURN_TYPE = YES_ERROR;
				GCC_WARN_UNDECLARED_SELECTOR = YES;
				GCC_WARN_UNINITIALIZED_AUTOS = YES_AGGRESSIVE;
				GCC_WARN_UNUSED_FUNCTION = YES;
				GCC_WARN_UNUSED_VARIABLE = YES;
				IPHONEOS_DEPLOYMENT_TARGET = 13.1;
				MTL_ENABLE_DEBUG_INFO = INCLUDE_SOURCE;
				MTL_FAST_MATH = YES;
				ONLY_ACTIVE_ARCH = YES;
				SDKROOT = iphoneos;
				SWIFT_ACTIVE_COMPILATION_CONDITIONS = DEBUG;
				SWIFT_OPTIMIZATION_LEVEL = "-Onone";
			};
			name = Debug;
		};
		05A4C146235B798A00156D56 /* Release */ = {
			isa = XCBuildConfiguration;
			buildSettings = {
				ALWAYS_SEARCH_USER_PATHS = NO;
				CLANG_ANALYZER_NONNULL = YES;
				CLANG_ANALYZER_NUMBER_OBJECT_CONVERSION = YES_AGGRESSIVE;
				CLANG_CXX_LANGUAGE_STANDARD = "gnu++14";
				CLANG_CXX_LIBRARY = "libc++";
				CLANG_ENABLE_MODULES = YES;
				CLANG_ENABLE_OBJC_ARC = YES;
				CLANG_ENABLE_OBJC_WEAK = YES;
				CLANG_WARN_BLOCK_CAPTURE_AUTORELEASING = YES;
				CLANG_WARN_BOOL_CONVERSION = YES;
				CLANG_WARN_COMMA = YES;
				CLANG_WARN_CONSTANT_CONVERSION = YES;
				CLANG_WARN_DEPRECATED_OBJC_IMPLEMENTATIONS = YES;
				CLANG_WARN_DIRECT_OBJC_ISA_USAGE = YES_ERROR;
				CLANG_WARN_DOCUMENTATION_COMMENTS = YES;
				CLANG_WARN_EMPTY_BODY = YES;
				CLANG_WARN_ENUM_CONVERSION = YES;
				CLANG_WARN_INFINITE_RECURSION = YES;
				CLANG_WARN_INT_CONVERSION = YES;
				CLANG_WARN_NON_LITERAL_NULL_CONVERSION = YES;
				CLANG_WARN_OBJC_IMPLICIT_RETAIN_SELF = YES;
				CLANG_WARN_OBJC_LITERAL_CONVERSION = YES;
				CLANG_WARN_OBJC_ROOT_CLASS = YES_ERROR;
				CLANG_WARN_RANGE_LOOP_ANALYSIS = YES;
				CLANG_WARN_STRICT_PROTOTYPES = YES;
				CLANG_WARN_SUSPICIOUS_MOVE = YES;
				CLANG_WARN_UNGUARDED_AVAILABILITY = YES_AGGRESSIVE;
				CLANG_WARN_UNREACHABLE_CODE = YES;
				CLANG_WARN__DUPLICATE_METHOD_MATCH = YES;
				COPY_PHASE_STRIP = NO;
				DEBUG_INFORMATION_FORMAT = "dwarf-with-dsym";
				ENABLE_NS_ASSERTIONS = NO;
				ENABLE_STRICT_OBJC_MSGSEND = YES;
				GCC_C_LANGUAGE_STANDARD = gnu11;
				GCC_NO_COMMON_BLOCKS = YES;
				GCC_WARN_64_TO_32_BIT_CONVERSION = YES;
				GCC_WARN_ABOUT_RETURN_TYPE = YES_ERROR;
				GCC_WARN_UNDECLARED_SELECTOR = YES;
				GCC_WARN_UNINITIALIZED_AUTOS = YES_AGGRESSIVE;
				GCC_WARN_UNUSED_FUNCTION = YES;
				GCC_WARN_UNUSED_VARIABLE = YES;
				IPHONEOS_DEPLOYMENT_TARGET = 13.1;
				MTL_ENABLE_DEBUG_INFO = NO;
				MTL_FAST_MATH = YES;
				SDKROOT = iphoneos;
				SWIFT_COMPILATION_MODE = wholemodule;
				SWIFT_OPTIMIZATION_LEVEL = "-O";
				VALIDATE_PRODUCT = YES;
			};
			name = Release;
		};
		05A4C148235B798A00156D56 /* Debug */ = {
			isa = XCBuildConfiguration;
			buildSettings = {
				ASSETCATALOG_COMPILER_APPICON_NAME = AppIcon;
				CODE_SIGN_STYLE = Automatic;
				DEVELOPMENT_TEAM = JGX8KL9J9F;
				INFOPLIST_FILE = DoctorApointmentReminder/Info.plist;
				LD_RUNPATH_SEARCH_PATHS = (
					"$(inherited)",
					"@executable_path/Frameworks",
				);
				PRODUCT_BUNDLE_IDENTIFIER = com.DoctorApointmentReminder.DoctorApointmentReminder;
				PRODUCT_NAME = "$(TARGET_NAME)";
				SWIFT_VERSION = 5.0;
				TARGETED_DEVICE_FAMILY = "1,2";
			};
			name = Debug;
		};
		05A4C149235B798A00156D56 /* Release */ = {
			isa = XCBuildConfiguration;
			buildSettings = {
				ASSETCATALOG_COMPILER_APPICON_NAME = AppIcon;
				CODE_SIGN_STYLE = Automatic;
				DEVELOPMENT_TEAM = JGX8KL9J9F;
				INFOPLIST_FILE = DoctorApointmentReminder/Info.plist;
				LD_RUNPATH_SEARCH_PATHS = (
					"$(inherited)",
					"@executable_path/Frameworks",
				);
				PRODUCT_BUNDLE_IDENTIFIER = com.DoctorApointmentReminder.DoctorApointmentReminder;
				PRODUCT_NAME = "$(TARGET_NAME)";
				SWIFT_VERSION = 5.0;
				TARGETED_DEVICE_FAMILY = "1,2";
			};
			name = Release;
		};
		05A4C14B235B798A00156D56 /* Debug */ = {
			isa = XCBuildConfiguration;
			buildSettings = {
				ALWAYS_EMBED_SWIFT_STANDARD_LIBRARIES = YES;
				CODE_SIGN_STYLE = Automatic;
				DEVELOPMENT_TEAM = JGX8KL9J9F;
				INFOPLIST_FILE = DoctorApointmentReminderUITests/Info.plist;
				LD_RUNPATH_SEARCH_PATHS = (
					"$(inherited)",
					"@executable_path/Frameworks",
					"@loader_path/Frameworks",
				);
				PRODUCT_BUNDLE_IDENTIFIER = com.DoctorApointmentReminder.DoctorApointmentReminderUITests;
				PRODUCT_NAME = "$(TARGET_NAME)";
				SWIFT_VERSION = 5.0;
				TARGETED_DEVICE_FAMILY = "1,2";
				TEST_TARGET_NAME = DoctorApointmentReminder;
			};
			name = Debug;
		};
		05A4C14C235B798A00156D56 /* Release */ = {
			isa = XCBuildConfiguration;
			buildSettings = {
				ALWAYS_EMBED_SWIFT_STANDARD_LIBRARIES = YES;
				CODE_SIGN_STYLE = Automatic;
				DEVELOPMENT_TEAM = JGX8KL9J9F;
				INFOPLIST_FILE = DoctorApointmentReminderUITests/Info.plist;
				LD_RUNPATH_SEARCH_PATHS = (
					"$(inherited)",
					"@executable_path/Frameworks",
					"@loader_path/Frameworks",
				);
				PRODUCT_BUNDLE_IDENTIFIER = com.DoctorApointmentReminder.DoctorApointmentReminderUITests;
				PRODUCT_NAME = "$(TARGET_NAME)";
				SWIFT_VERSION = 5.0;
				TARGETED_DEVICE_FAMILY = "1,2";
				TEST_TARGET_NAME = DoctorApointmentReminder;
			};
			name = Release;
		};
/* End XCBuildConfiguration section */

/* Begin XCConfigurationList section */
		05A4C123235B798600156D56 /* Build configuration list for PBXProject "DoctorApointmentReminder" */ = {
			isa = XCConfigurationList;
			buildConfigurations = (
				05A4C145235B798A00156D56 /* Debug */,
				05A4C146235B798A00156D56 /* Release */,
			);
			defaultConfigurationIsVisible = 0;
			defaultConfigurationName = Release;
		};
		05A4C147235B798A00156D56 /* Build configuration list for PBXNativeTarget "DoctorApointmentReminder" */ = {
			isa = XCConfigurationList;
			buildConfigurations = (
				05A4C148235B798A00156D56 /* Debug */,
				05A4C149235B798A00156D56 /* Release */,
			);
			defaultConfigurationIsVisible = 0;
			defaultConfigurationName = Release;
		};
		05A4C14A235B798A00156D56 /* Build configuration list for PBXNativeTarget "DoctorApointmentReminderUITests" */ = {
			isa = XCConfigurationList;
			buildConfigurations = (
				05A4C14B235B798A00156D56 /* Debug */,
				05A4C14C235B798A00156D56 /* Release */,
			);
			defaultConfigurationIsVisible = 0;
			defaultConfigurationName = Release;
		};
/* End XCConfigurationList section */
	};
	rootObject = 05A4C120235B798600156D56 /* Project object */;
}
